
Microsoft Visual Studio Solution File, Format Version 12.00
# Visual Studio Version 16
VisualStudioVersion = 16.0.29102.190
MinimumVisualStudioVersion = 10.0.40219.1
Project("{FAE04EC0-301F-11D3-BF4B-00C04F79EFBC}") = "MemoryEditor", "MemoryEditor\MemoryEditor.csproj", "{8A5676AD-3ED5-4DAE-8112-23E07FA2F69B}"
EndProject
Project("{8BC9CEB8-8B4A-11D0-8D11-00A0C91BC942}") = "Util", "Util\Util.vcxproj", "{DB4FBBE8-F120-4E11-A4BB-583996FB74E1}"
EndProject
Project("{8BC9CEB8-8B4A-11D0-8D11-00A0C91BC942}") = "ConsoleApplication1", "ConsoleApplication1\ConsoleApplication1.vcxproj", "{FBB145FA-9D2B-4B11-A82D-B450ED3BB050}"
EndProject
Project("{FAE04EC0-301F-11D3-BF4B-00C04F79EFBC}") = "Host", "Host\Host.csproj", "{DF4FE103-6FF2-4DF4-B9BA-9DB5F741A0A1}"
EndProject
Global
	GlobalSection(SolutionConfigurationPlatforms) = preSolution
		Debug|Any CPU = Debug|Any CPU
		Debug|x64 = Debug|x64
		Debug|x86 = Debug|x86
		Release|Any CPU = Release|Any CPU
		Release|x64 = Release|x64
		Release|x86 = Release|x86
	EndGlobalSection
	GlobalSection(ProjectConfigurationPlatforms) = postSolution
		{8A5676AD-3ED5-4DAE-8112-23E07FA2F69B}.Debug|Any CPU.ActiveCfg = Debug|Any CPU
		{8A5676AD-3ED5-4DAE-8112-23E07FA2F69B}.Debug|Any CPU.Build.0 = Debug|Any CPU
		{8A5676AD-3ED5-4DAE-8112-23E07FA2F69B}.Debug|x64.ActiveCfg = Debug|Any CPU
		{8A5676AD-3ED5-4DAE-8112-23E07FA2F69B}.Debug|x64.Build.0 = Debug|Any CPU
		{8A5676AD-3ED5-4DAE-8112-23E07FA2F69B}.Debug|x86.ActiveCfg = Debug|Any CPU
		{8A5676AD-3ED5-4DAE-8112-23E07FA2F69B}.Debug|x86.Build.0 = Debug|Any CPU
		{8A5676AD-3ED5-4DAE-8112-23E07FA2F69B}.Release|Any CPU.ActiveCfg = Release|Any CPU
		{8A5676AD-3ED5-4DAE-8112-23E07FA2F69B}.Release|Any CPU.Build.0 = Release|Any CPU
		{8A5676AD-3ED5-4DAE-8112-23E07FA2F69B}.Release|x64.ActiveCfg = Release|Any CPU
		{8A5676AD-3ED5-4DAE-8112-23E07FA2F69B}.Release|x64.Build.0 = Release|Any CPU
		{8A5676AD-3ED5-4DAE-8112-23E07FA2F69B}.Release|x86.ActiveCfg = Release|Any CPU
		{8A5676AD-3ED5-4DAE-8112-23E07FA2F69B}.Release|x86.Build.0 = Release|Any CPU
		{DB4FBBE8-F120-4E11-A4BB-583996FB74E1}.Debug|Any CPU.ActiveCfg = Debug|Win32
		{DB4FBBE8-F120-4E11-A4BB-583996FB74E1}.Debug|x64.ActiveCfg = Debug|x64
		{DB4FBBE8-F120-4E11-A4BB-583996FB74E1}.Debug|x64.Build.0 = Debug|x64
		{DB4FBBE8-F120-4E11-A4BB-583996FB74E1}.Debug|x86.ActiveCfg = Debug|Win32
		{DB4FBBE8-F120-4E11-A4BB-583996FB74E1}.Debug|x86.Build.0 = Debug|Win32
		{DB4FBBE8-F120-4E11-A4BB-583996FB74E1}.Release|Any CPU.ActiveCfg = Release|Win32
		{DB4FBBE8-F120-4E11-A4BB-583996FB74E1}.Release|x64.ActiveCfg = Release|x64
		{DB4FBBE8-F120-4E11-A4BB-583996FB74E1}.Release|x64.Build.0 = Release|x64
		{DB4FBBE8-F120-4E11-A4BB-583996FB74E1}.Release|x86.ActiveCfg = Release|Win32
		{DB4FBBE8-F120-4E11-A4BB-583996FB74E1}.Release|x86.Build.0 = Release|Win32
		{FBB145FA-9D2B-4B11-A82D-B450ED3BB050}.Debug|Any CPU.ActiveCfg = Debug|Win32
		{FBB145FA-9D2B-4B11-A82D-B450ED3BB050}.Debug|x64.ActiveCfg = Debug|x64
		{FBB145FA-9D2B-4B11-A82D-B450ED3BB050}.Debug|x64.Build.0 = Debug|x64
		{FBB145FA-9D2B-4B11-A82D-B450ED3BB050}.Debug|x86.ActiveCfg = Debug|Win32
		{FBB145FA-9D2B-4B11-A82D-B450ED3BB050}.Debug|x86.Build.0 = Debug|Win32
		{FBB145FA-9D2B-4B11-A82D-B450ED3BB050}.Release|Any CPU.ActiveCfg = Release|Win32
		{FBB145FA-9D2B-4B11-A82D-B450ED3BB050}.Release|x64.ActiveCfg = Release|x64
		{FBB145FA-9D2B-4B11-A82D-B450ED3BB050}.Release|x64.Build.0 = Release|x64
		{FBB145FA-9D2B-4B11-A82D-B450ED3BB050}.Release|x86.ActiveCfg = Release|Win32
		{FBB145FA-9D2B-4B11-A82D-B450ED3BB050}.Release|x86.Build.0 = Release|Win32
		{DF4FE103-6FF2-4DF4-B9BA-9DB5F741A0A1}.Debug|Any CPU.ActiveCfg = Debug|Any CPU
		{DF4FE103-6FF2-4DF4-B9BA-9DB5F741A0A1}.Debug|Any CPU.Build.0 = Debug|Any CPU
		{DF4FE103-6FF2-4DF4-B9BA-9DB5F741A0A1}.Debug|x64.ActiveCfg = Debug|Any CPU
		{DF4FE103-6FF2-4DF4-B9BA-9DB5F741A0A1}.Debug|x64.Build.0 = Debug|Any CPU
		{DF4FE103-6FF2-4DF4-B9BA-9DB5F741A0A1}.Debug|x86.ActiveCfg = Debug|Any CPU
		{DF4FE103-6FF2-4DF4-B9BA-9DB5F741A0A1}.Debug|x86.Build.0 = Debug|Any CPU
		{DF4FE103-6FF2-4DF4-B9BA-9DB5F741A0A1}.Release|Any CPU.ActiveCfg = Release|Any CPU
		{DF4FE103-6FF2-4DF4-B9BA-9DB5F741A0A1}.Release|Any CPU.Build.0 = Release|Any CPU
		{DF4FE103-6FF2-4DF4-B9BA-9DB5F741A0A1}.Release|x64.ActiveCfg = Release|Any CPU
		{DF4FE103-6FF2-4DF4-B9BA-9DB5F741A0A1}.Release|x64.Build.0 = Release|Any CPU
		{DF4FE103-6FF2-4DF4-B9BA-9DB5F741A0A1}.Release|x86.ActiveCfg = Release|Any CPU
		{DF4FE103-6FF2-4DF4-B9BA-9DB5F741A0A1}.Release|x86.Build.0 = Release|Any CPU
	EndGlobalSection
	GlobalSection(SolutionProperties) = preSolution
		HideSolutionNode = FALSE
	EndGlobalSection
	GlobalSection(ExtensibilityGlobals) = postSolution
		SolutionGuid = {A34A4754-BF43-454E-AFAF-C7CE9006F1BC}
	EndGlobalSection
EndGlobal
